// !$*UTF8*$!
{
	archiveVersion = 1;
	classes = {
	};
	objectVersion = 46;
	objects = {

/* Begin PBXBuildFile section */
		133128691E81E073009AF886 /* main.m in Sources */ = {isa = PBXBuildFile; fileRef = 133128681E81E073009AF886 /* main.m */; };
		1331286C1E81E073009AF886 /* AppDelegate.m in Sources */ = {isa = PBXBuildFile; fileRef = 1331286B1E81E073009AF886 /* AppDelegate.m */; };
		133128751E81E073009AF886 /* Main.storyboard in Resources */ = {isa = PBXBuildFile; fileRef = 133128731E81E073009AF886 /* Main.storyboard */; };
		133128771E81E073009AF886 /* Assets.xcassets in Resources */ = {isa = PBXBuildFile; fileRef = 133128761E81E073009AF886 /* Assets.xcassets */; };
		1331287A1E81E073009AF886 /* LaunchScreen.storyboard in Resources */ = {isa = PBXBuildFile; fileRef = 133128781E81E073009AF886 /* LaunchScreen.storyboard */; };
		133128831E8242AB009AF886 /* AcronymViewController.m in Sources */ = {isa = PBXBuildFile; fileRef = 133128821E8242AB009AF886 /* AcronymViewController.m */; };
		133128861E82EDD4009AF886 /* MeaningsTableViewController.m in Sources */ = {isa = PBXBuildFile; fileRef = 133128851E82EDD4009AF886 /* MeaningsTableViewController.m */; };
		1984AD43309A2FC01C62711E /* libPods-Acronym.a in Frameworks */ = {isa = PBXBuildFile; fileRef = 31010F2981EBC523CDFA1D2E /* libPods-Acronym.a */; };
/* End PBXBuildFile section */

/* Begin PBXFileReference section */
		133128641E81E073009AF886 /* Acronym.app */ = {isa = PBXFileReference; explicitFileType = wrapper.application; includeInIndex = 0; path = Acronym.app; sourceTree = BUILT_PRODUCTS_DIR; };
		133128681E81E073009AF886 /* main.m */ = {isa = PBXFileReference; lastKnownFileType = sourcecode.c.objc; path = main.m; sourceTree = "<group>"; };
		1331286A1E81E073009AF886 /* AppDelegate.h */ = {isa = PBXFileReference; lastKnownFileType = sourcecode.c.h; path = AppDelegate.h; sourceTree = "<group>"; };
		1331286B1E81E073009AF886 /* AppDelegate.m */ = {isa = PBXFileReference; lastKnownFileType = sourcecode.c.objc; path = AppDelegate.m; sourceTree = "<group>"; };
		133128741E81E073009AF886 /* Base */ = {isa = PBXFileReference; lastKnownFileType = file.storyboard; name = Base; path = Base.lproj/Main.storyboard; sourceTree = "<group>"; };
		133128761E81E073009AF886 /* Assets.xcassets */ = {isa = PBXFileReference; lastKnownFileType = folder.assetcatalog; path = Assets.xcassets; sourceTree = "<group>"; };
		133128791E81E073009AF886 /* Base */ = {isa = PBXFileReference; lastKnownFileType = file.storyboard; name = Base; path = Base.lproj/LaunchScreen.storyboard; sourceTree = "<group>"; };
		1331287B1E81E073009AF886 /* Info.plist */ = {isa = PBXFileReference; lastKnownFileType = text.plist.xml; path = Info.plist; sourceTree = "<group>"; };
		133128811E8242AB009AF886 /* AcronymViewController.h */ = {isa = PBXFileReference; fileEncoding = 4; lastKnownFileType = sourcecode.c.h; path = AcronymViewController.h; sourceTree = "<group>"; };
		133128821E8242AB009AF886 /* AcronymViewController.m */ = {isa = PBXFileReference; fileEncoding = 4; lastKnownFileType = sourcecode.c.objc; path = AcronymViewController.m; sourceTree = "<group>"; };
		133128841E82EDD4009AF886 /* MeaningsTableViewController.h */ = {isa = PBXFileReference; fileEncoding = 4; lastKnownFileType = sourcecode.c.h; path = MeaningsTableViewController.h; sourceTree = "<group>"; };
		133128851E82EDD4009AF886 /* MeaningsTableViewController.m */ = {isa = PBXFileReference; fileEncoding = 4; lastKnownFileType = sourcecode.c.objc; path = MeaningsTableViewController.m; sourceTree = "<group>"; };
		31010F2981EBC523CDFA1D2E /* libPods-Acronym.a */ = {isa = PBXFileReference; explicitFileType = archive.ar; includeInIndex = 0; path = "libPods-Acronym.a"; sourceTree = BUILT_PRODUCTS_DIR; };
		A922BEFF3F65838B96953D37 /* Pods-Acronym.release.xcconfig */ = {isa = PBXFileReference; includeInIndex = 1; lastKnownFileType = text.xcconfig; name = "Pods-Acronym.release.xcconfig"; path = "Pods/Target Support Files/Pods-Acronym/Pods-Acronym.release.xcconfig"; sourceTree = "<group>"; };
		DFB7CE9E69FDB671263E8AFA /* Pods-Acronym.debug.xcconfig */ = {isa = PBXFileReference; includeInIndex = 1; lastKnownFileType = text.xcconfig; name = "Pods-Acronym.debug.xcconfig"; path = "Pods/Target Support Files/Pods-Acronym/Pods-Acronym.debug.xcconfig"; sourceTree = "<group>"; };
/* End PBXFileReference section */

/* Begin PBXFrameworksBuildPhase section */
		133128611E81E073009AF886 /* Frameworks */ = {
			isa = PBXFrameworksBuildPhase;
			buildActionMask = 2147483647;
			files = (
				1984AD43309A2FC01C62711E /* libPods-Acronym.a in Frameworks */,
			);
			runOnlyForDeploymentPostprocessing = 0;
		};
/* End PBXFrameworksBuildPhase section */

/* Begin PBXGroup section */
		1331285B1E81E073009AF886 = {
			isa = PBXGroup;
			children = (
				133128661E81E073009AF886 /* Acronym */,
				133128651E81E073009AF886 /* Products */,
				FE68A9FA9343F2C958D75FAC /* Pods */,
				69533AFD4C50B2E60420C900 /* Frameworks */,
			);
			sourceTree = "<group>";
		};
		133128651E81E073009AF886 /* Products */ = {
			isa = PBXGroup;
			children = (
				133128641E81E073009AF886 /* Acronym.app */,
			);
			name = Products;
			sourceTree = "<group>";
		};
		133128661E81E073009AF886 /* Acronym */ = {
			isa = PBXGroup;
			children = (
				1331286A1E81E073009AF886 /* AppDelegate.h */,
				1331286B1E81E073009AF886 /* AppDelegate.m */,
				133128811E8242AB009AF886 /* AcronymViewController.h */,
				133128821E8242AB009AF886 /* AcronymViewController.m */,
				133128841E82EDD4009AF886 /* MeaningsTableViewController.h */,
				133128851E82EDD4009AF886 /* MeaningsTableViewController.m */,
				133128731E81E073009AF886 /* Main.storyboard */,
				133128761E81E073009AF886 /* Assets.xcassets */,
				133128781E81E073009AF886 /* LaunchScreen.storyboard */,
				1331287B1E81E073009AF886 /* Info.plist */,
				133128671E81E073009AF886 /* Supporting Files */,
			);
			path = Acronym;
			sourceTree = "<group>";
		};
		133128671E81E073009AF886 /* Supporting Files */ = {
			isa = PBXGroup;
			children = (
				133128681E81E073009AF886 /* main.m */,
			);
			name = "Supporting Files";
			sourceTree = "<group>";
		};
		69533AFD4C50B2E60420C900 /* Frameworks */ = {
			isa = PBXGroup;
			children = (
				31010F2981EBC523CDFA1D2E /* libPods-Acronym.a */,
			);
			name = Frameworks;
			sourceTree = "<group>";
		};
		FE68A9FA9343F2C958D75FAC /* Pods */ = {
			isa = PBXGroup;
			children = (
				DFB7CE9E69FDB671263E8AFA /* Pods-Acronym.debug.xcconfig */,
				A922BEFF3F65838B96953D37 /* Pods-Acronym.release.xcconfig */,
			);
			name = Pods;
			sourceTree = "<group>";
		};
/* End PBXGroup section */

/* Begin PBXNativeTarget section */
		133128631E81E073009AF886 /* Acronym */ = {
			isa = PBXNativeTarget;
			buildConfigurationList = 1331287E1E81E073009AF886 /* Build configuration list for PBXNativeTarget "Acronym" */;
			buildPhases = (
				1D3D60FA1D1E7451E111AA05 /* [CP] Check Pods Manifest.lock */,
				133128601E81E073009AF886 /* Sources */,
				133128611E81E073009AF886 /* Frameworks */,
				133128621E81E073009AF886 /* Resources */,
				F48E4DEC6E89159C627B49E1 /* [CP] Embed Pods Frameworks */,
				3223868105C36F0778D64700 /* [CP] Copy Pods Resources */,
			);
			buildRules = (
			);
			dependencies = (
			);
			name = Acronym;
			productName = Acronym;
			productReference = 133128641E81E073009AF886 /* Acronym.app */;
			productType = "com.apple.product-type.application";
		};
/* End PBXNativeTarget section */

/* Begin PBXProject section */
		1331285C1E81E073009AF886 /* Project object */ = {
			isa = PBXProject;
			attributes = {
				LastUpgradeCheck = 0820;
				ORGANIZATIONNAME = "Vela Design Group";
				TargetAttributes = {
					133128631E81E073009AF886 = {
						CreatedOnToolsVersion = 8.2.1;
						ProvisioningStyle = Automatic;
					};
				};
			};
			buildConfigurationList = 1331285F1E81E073009AF886 /* Build configuration list for PBXProject "Acronym" */;
			compatibilityVersion = "Xcode 3.2";
			developmentRegion = English;
			hasScannedForEncodings = 0;
			knownRegions = (
				en,
				Base,
			);
			mainGroup = 1331285B1E81E073009AF886;
			productRefGroup = 133128651E81E073009AF886 /* Products */;
			projectDirPath = "";
			projectRoot = "";
			targets = (
				133128631E81E073009AF886 /* Acronym */,
			);
		};
/* End PBXProject section */

/* Begin PBXResourcesBuildPhase section */
		133128621E81E073009AF886 /* Resources */ = {
			isa = PBXResourcesBuildPhase;
			buildActionMask = 2147483647;
			files = (
				1331287A1E81E073009AF886 /* LaunchScreen.storyboard in Resources */,
				133128771E81E073009AF886 /* Assets.xcassets in Resources */,
				133128751E81E073009AF886 /* Main.storyboard in Resources */,
			);
			runOnlyForDeploymentPostprocessing = 0;
		};
/* End PBXResourcesBuildPhase section */

/* Begin PBXShellScriptBuildPhase section */
		1D3D60FA1D1E7451E111AA05 /* [CP] Check Pods Manifest.lock */ = {
			isa = PBXShellScriptBuildPhase;
			buildActionMask = 2147483647;
			files = (
			);
			inputPaths = (
			);
			name = "[CP] Check Pods Manifest.lock";
			outputPaths = (
			);
			runOnlyForDeploymentPostprocessing = 0;
			shellPath = /bin/sh;
			shellScript = "diff \"${PODS_ROOT}/../Podfile.lock\" \"${PODS_ROOT}/Manifest.lock\" > /dev/null\nif [ $? != 0 ] ; then\n    # print error to STDERR\n    echo \"error: The sandbox is not in sync with the Podfile.lock. Run 'pod install' or update your CocoaPods installation.\" >&2\n    exit 1\nfi\n";
			showEnvVarsInLog = 0;
		};
		3223868105C36F0778D64700 /* [CP] Copy Pods Resources */ = {
			isa = PBXShellScriptBuildPhase;
			buildActionMask = 2147483647;
			files = (
			);
			inputPaths = (
			);
			name = "[CP] Copy Pods Resources";
			outputPaths = (
			);
			runOnlyForDeploymentPostprocessing = 0;
			shellPath = /bin/sh;
			shellScript = "\"${SRCROOT}/Pods/Target Support Files/Pods-Acronym/Pods-Acronym-resources.sh\"\n";
			showEnvVarsInLog = 0;
		};
		F48E4DEC6E89159C627B49E1 /* [CP] Embed Pods Frameworks */ = {
			isa = PBXShellScriptBuildPhase;
			buildActionMask = 2147483647;
			files = (
			);
			inputPaths = (
			);
			name = "[CP] Embed Pods Frameworks";
			outputPaths = (
			);
			runOnlyForDeploymentPostprocessing = 0;
			shellPath = /bin/sh;
			shellScript = "\"${SRCROOT}/Pods/Target Support Files/Pods-Acronym/Pods-Acronym-frameworks.sh\"\n";
			showEnvVarsInLog = 0;
		};
/* End PBXShellScriptBuildPhase section */

/* Begin PBXSourcesBuildPhase section */
		133128601E81E073009AF886 /* Sources */ = {
			isa = PBXSourcesBuildPhase;
			buildActionMask = 2147483647;
			files = (
				1331286C1E81E073009AF886 /* AppDelegate.m in Sources */,
				133128861E82EDD4009AF886 /* MeaningsTableViewController.m in Sources */,
				133128691E81E073009AF886 /* main.m in Sources */,
				133128831E8242AB009AF886 /* AcronymViewController.m in Sources */,
			);
			runOnlyForDeploymentPostprocessing = 0;
		};
/* End PBXSourcesBuildPhase section */

/* Begin PBXVariantGroup section */
		133128731E81E073009AF886 /* Main.storyboard */ = {
			isa = PBXVariantGroup;
			children = (
				133128741E81E073009AF886 /* Base */,
			);
			name = Main.storyboard;
			sourceTree = "<group>";
		};
		133128781E81E073009AF886 /* LaunchScreen.storyboard */ = {
			isa = PBXVariantGroup;
			children = (
				133128791E81E073009AF886 /* Base */,
			);
			name = LaunchScreen.storyboard;
			sourceTree = "<group>";
		};
/* End PBXVariantGroup section */

/* Begin XCBuildConfiguration section */
		1331287C1E81E073009AF886 /* Debug */ = {
			isa = XCBuildConfiguration;
			buildSettings = {
				ALWAYS_SEARCH_USER_PATHS = NO;
				CLANG_ANALYZER_NONNULL = YES;
				CLANG_CXX_LANGUAGE_STANDARD = "gnu++0x";
				CLANG_CXX_LIBRARY = "libc++";
				CLANG_ENABLE_MODULES = YES;
				CLANG_ENABLE_OBJC_ARC = YES;
				CLANG_WARN_BOOL_CONVERSION = YES;
				CLANG_WARN_CONSTANT_CONVERSION = YES;
				CLANG_WARN_DIRECT_OBJC_ISA_USAGE = YES_ERROR;
				CLANG_WARN_DOCUMENTATION_COMMENTS = YES;
				CLANG_WARN_EMPTY_BODY = YES;
				CLANG_WARN_ENUM_CONVERSION = YES;
				CLANG_WARN_INFINITE_RECURSION = YES;
				CLANG_WARN_INT_CONVERSION = YES;
				CLANG_WARN_OBJC_ROOT_CLASS = YES_ERROR;
				CLANG_WARN_SUSPICIOUS_MOVE = YES;
				CLANG_WARN_UNREACHABLE_CODE = YES;
				CLANG_WARN__DUPLICATE_METHOD_MATCH = YES;
				"CODE_SIGN_IDENTITY[sdk=iphoneos*]" = "iPhone Developer";
				COPY_PHASE_STRIP = NO;
				DEBUG_INFORMATION_FORMAT = dwarf;
				ENABLE_STRICT_OBJC_MSGSEND = YES;
				ENABLE_TESTABILITY = YES;
				GCC_C_LANGUAGE_STANDARD = gnu99;
				GCC_DYNAMIC_NO_PIC = NO;
				GCC_NO_COMMON_BLOCKS = YES;
				GCC_OPTIMIZATION_LEVEL = 0;
				GCC_PREPROCESSOR_DEFINITIONS = (
					"DEBUG=1",
					"$(inherited)",
				);
				GCC_WARN_64_TO_32_BIT_CONVERSION = YES;
				GCC_WARN_ABOUT_RETURN_TYPE = YES_ERROR;
				GCC_WARN_UNDECLARED_SELECTOR = YES;
				GCC_WARN_UNINITIALIZED_AUTOS = YES_AGGRESSIVE;
				GCC_WARN_UNUSED_FUNCTION = YES;
				GCC_WARN_UNUSED_VARIABLE = YES;
				IPHONEOS_DEPLOYMENT_TARGET = 10.2;
				MTL_ENABLE_DEBUG_INFO = YES;
				ONLY_ACTIVE_ARCH = YES;
				SDKROOT = iphoneos;
			};
			name = Debug;
		};
		1331287D1E81E073009AF886 /* Release */ = {
			isa = XCBuildConfiguration;
			buildSettings = {
				ALWAYS_SEARCH_USER_PATHS = NO;
				CLANG_ANALYZER_NONNULL = YES;
				CLANG_CXX_LANGUAGE_STANDARD = "gnu++0x";
				CLANG_CXX_LIBRARY = "libc++";
				CLANG_ENABLE_MODULES = YES;
				CLANG_ENABLE_OBJC_ARC = YES;
				CLANG_WARN_BOOL_CONVERSION = YES;
				CLANG_WARN_CONSTANT_CONVERSION = YES;
				CLANG_WARN_DIRECT_OBJC_ISA_USAGE = YES_ERROR;
				CLANG_WARN_DOCUMENTATION_COMMENTS = YES;
				CLANG_WARN_EMPTY_BODY = YES;
				CLANG_WARN_ENUM_CONVERSION = YES;
				CLANG_WARN_INFINITE_RECURSION = YES;
				CLANG_WARN_INT_CONVERSION = YES;
				CLANG_WARN_OBJC_ROOT_CLASS = YES_ERROR;
				CLANG_WARN_SUSPICIOUS_MOVE = YES;
				CLANG_WARN_UNREACHABLE_CODE = YES;
				CLANG_WARN__DUPLICATE_METHOD_MATCH = YES;
				"CODE_SIGN_IDENTITY[sdk=iphoneos*]" = "iPhone Developer";
				COPY_PHASE_STRIP = NO;
				DEBUG_INFORMATION_FORMAT = "dwarf-with-dsym";
				ENABLE_NS_ASSERTIONS = NO;
				ENABLE_STRICT_OBJC_MSGSEND = YES;
				GCC_C_LANGUAGE_STANDARD = gnu99;
				GCC_NO_COMMON_BLOCKS = YES;
				GCC_WARN_64_TO_32_BIT_CONVERSION = YES;
				GCC_WARN_ABOUT_RETURN_TYPE = YES_ERROR;
				GCC_WARN_UNDECLARED_SELECTOR = YES;
				GCC_WARN_UNINITIALIZED_AUTOS = YES_AGGRESSIVE;
				GCC_WARN_UNUSED_FUNCTION = YES;
				GCC_WARN_UNUSED_VARIABLE = YES;
				IPHONEOS_DEPLOYMENT_TARGET = 10.2;
				MTL_ENABLE_DEBUG_INFO = NO;
				SDKROOT = iphoneos;
				VALIDATE_PRODUCT = YES;
			};
			name = Release;
		};
		1331287F1E81E073009AF886 /* Debug */ = {
			isa = XCBuildConfiguration;
			baseConfigurationReference = DFB7CE9E69FDB671263E8AFA /* Pods-Acronym.debug.xcconfig */;
			buildSettings = {
				ASSETCATALOG_COMPILER_APPICON_NAME = AppIcon;
				INFOPLIST_FILE = Acronym/Info.plist;
				LD_RUNPATH_SEARCH_PATHS = "$(inherited) @executable_path/Frameworks";
				PRODUCT_BUNDLE_IDENTIFIER = com.veladg.Acronym;
				PRODUCT_NAME = "$(TARGET_NAME)";
			};
			name = Debug;
		};
		133128801E81E073009AF886 /* Release */ = {
			isa = XCBuildConfiguration;
			baseConfigurationReference = A922BEFF3F65838B96953D37 /* Pods-Acronym.release.xcconfig */;
			buildSettings = {
				ASSETCATALOG_COMPILER_APPICON_NAME = AppIcon;
				INFOPLIST_FILE = Acronym/Info.plist;
				LD_RUNPATH_SEARCH_PATHS = "$(inherited) @executable_path/Frameworks";
				PRODUCT_BUNDLE_IDENTIFIER = com.veladg.Acronym;
				PRODUCT_NAME = "$(TARGET_NAME)";
			};
			name = Release;
		};
/* End XCBuildConfiguration section */

/* Begin XCConfigurationList section */
		1331285F1E81E073009AF886 /* Build configuration list for PBXProject "Acronym" */ = {
			isa = XCConfigurationList;
			buildConfigurations = (
				1331287C1E81E073009AF886 /* Debug */,
				1331287D1E81E073009AF886 /* Release */,
			);
			defaultConfigurationIsVisible = 0;
			defaultConfigurationName = Release;
		};
		1331287E1E81E073009AF886 /* Build configuration list for PBXNativeTarget "Acronym" */ = {
			isa = XCConfigurationList;
			buildConfigurations = (
				1331287F1E81E073009AF886 /* Debug */,
				133128801E81E073009AF886 /* Release */,
			);
			defaultConfigurationIsVisible = 0;
			defaultConfigurationName = Release;
		};
/* End XCConfigurationList section */
	};
	rootObject = 1331285C1E81E073009AF886 /* Project object */;
}
